
Microsoft Visual Studio Solution File, Format Version 12.00
# Visual Studio 14
VisualStudioVersion = 14.0.23107.0
MinimumVisualStudioVersion = 10.0.40219.1
Project("{FAE04EC0-301F-11D3-BF4B-00C04F79EFBC}") = "PokerAPI", "PokerAPI\PokerAPI.csproj", "{F9E3B580-736D-4951-99AB-4455CDC76DE0}"
EndProject
Project("{FAE04EC0-301F-11D3-BF4B-00C04F79EFBC}") = "PokerTest", "PokerTest\PokerTest.csproj", "{233F2C2D-69F7-4C35-B4AE-168AF4EC05FC}"
EndProject
Global
	GlobalSection(SolutionConfigurationPlatforms) = preSolution
		Debug|Any CPU = Debug|Any CPU
		Release|Any CPU = Release|Any CPU
	EndGlobalSection
	GlobalSection(ProjectConfigurationPlatforms) = postSolution
		{F9E3B580-736D-4951-99AB-4455CDC76DE0}.Debug|Any CPU.ActiveCfg = Debug|Any CPU
		{F9E3B580-736D-4951-99AB-4455CDC76DE0}.Debug|Any CPU.Build.0 = Debug|Any CPU
		{F9E3B580-736D-4951-99AB-4455CDC76DE0}.Release|Any CPU.ActiveCfg = Release|Any CPU
		{F9E3B580-736D-4951-99AB-4455CDC76DE0}.Release|Any CPU.Build.0 = Release|Any CPU
		{233F2C2D-69F7-4C35-B4AE-168AF4EC05FC}.Debug|Any CPU.ActiveCfg = Debug|Any CPU
		{233F2C2D-69F7-4C35-B4AE-168AF4EC05FC}.Debug|Any CPU.Build.0 = Debug|Any CPU
		{233F2C2D-69F7-4C35-B4AE-168AF4EC05FC}.Release|Any CPU.ActiveCfg = Release|Any CPU
		{233F2C2D-69F7-4C35-B4AE-168AF4EC05FC}.Release|Any CPU.Build.0 = Release|Any CPU
	EndGlobalSection
	GlobalSection(SolutionProperties) = preSolution
		HideSolutionNode = FALSE
	EndGlobalSection
EndGlobal
